
Microsoft Visual Studio Solution File, Format Version 12.00
# Visual Studio 15
VisualStudioVersion = 15.0.27428.2015
MinimumVisualStudioVersion = 10.0.40219.1
Project("{8BC9CEB8-8B4A-11D0-8D11-00A0C91BC942}") = "Maze", "Maze\Maze.vcxproj", "{E1BF4FD4-A57F-480D-9BF8-3C6367A031E7}"
EndProject
Global
	GlobalSection(SolutionConfigurationPlatforms) = preSolution
		Debug|Win32 = Debug|Win32
		Release|Win32 = Release|Win32
	EndGlobalSection
	GlobalSection(ProjectConfigurationPlatforms) = postSolution
		{E1BF4FD4-A57F-480D-9BF8-3C6367A031E7}.Debug|Win32.ActiveCfg = Debug|Win32
		{E1BF4FD4-A57F-480D-9BF8-3C6367A031E7}.Debug|Win32.Build.0 = Debug|Win32
		{E1BF4FD4-A57F-480D-9BF8-3C6367A031E7}.Release|Win32.ActiveCfg = Release|Win32
		{E1BF4FD4-A57F-480D-9BF8-3C6367A031E7}.Release|Win32.Build.0 = Release|Win32
	EndGlobalSection
	GlobalSection(SolutionProperties) = preSolution
		HideSolutionNode = FALSE
	EndGlobalSection
	GlobalSection(ExtensibilityGlobals) = postSolution
		SolutionGuid = {F55C0A0A-970E-4B5F-8ACC-AF4A27B406CE}
	EndGlobalSection
EndGlobal
